
Microsoft Visual Studio Solution File, Format Version 12.00
# Visual Studio Version 16
VisualStudioVersion = 16.0.30011.22
MinimumVisualStudioVersion = 10.0.40219.1
Project("{FAE04EC0-301F-11D3-BF4B-00C04F79EFBC}") = "WebApiExample", "WebApiExample\WebApiExample.csproj", "{4265FF5B-5B5B-4FCD-8F86-8F35BA24E3F4}"
EndProject
Global
	GlobalSection(SolutionConfigurationPlatforms) = preSolution
		Debug|Any CPU = Debug|Any CPU
		Release|Any CPU = Release|Any CPU
	EndGlobalSection
	GlobalSection(ProjectConfigurationPlatforms) = postSolution
		{4265FF5B-5B5B-4FCD-8F86-8F35BA24E3F4}.Debug|Any CPU.ActiveCfg = Debug|Any CPU
		{4265FF5B-5B5B-4FCD-8F86-8F35BA24E3F4}.Debug|Any CPU.Build.0 = Debug|Any CPU
		{4265FF5B-5B5B-4FCD-8F86-8F35BA24E3F4}.Release|Any CPU.ActiveCfg = Release|Any CPU
		{4265FF5B-5B5B-4FCD-8F86-8F35BA24E3F4}.Release|Any CPU.Build.0 = Release|Any CPU
	EndGlobalSection
	GlobalSection(SolutionProperties) = preSolution
		HideSolutionNode = FALSE
	EndGlobalSection
	GlobalSection(ExtensibilityGlobals) = postSolution
		SolutionGuid = {F829DC5A-BC7F-4767-AAA8-21762B5A4E14}
	EndGlobalSection
EndGlobal
